
Microsoft Visual Studio Solution File, Format Version 12.00
# Visual Studio Version 17
VisualStudioVersion = 17.2.32616.157
MinimumVisualStudioVersion = 10.0.40219.1
Project("{54A90642-561A-4BB1-A94E-469ADEE60C69}") = "FrontEnd", "FrontEnd\FrontEnd.esproj", "{7AEBAFF4-18AE-445B-89A7-8FAC71A76677}"
EndProject
Project("{9A19103F-16F7-4668-BE54-9A1E7A4F7556}") = "BackEnd", "BackEnd\BackEnd.csproj", "{995E06D8-3056-44B4-B149-CCC7DEDF0AF0}"
EndProject
Project("{2150E333-8FDC-42A3-9474-1A3956D46DE8}") = "Elementos de la solución", "Elementos de la solución", "{8DFA1B7D-2B40-4126-87BA-A413DEE8D3CC}"
	ProjectSection(SolutionItems) = preProject
		.gitignore = .gitignore
	EndProjectSection
EndProject
Global
	GlobalSection(SolutionConfigurationPlatforms) = preSolution
		Debug|Any CPU = Debug|Any CPU
		Release|Any CPU = Release|Any CPU
	EndGlobalSection
	GlobalSection(ProjectConfigurationPlatforms) = postSolution
		{7AEBAFF4-18AE-445B-89A7-8FAC71A76677}.Debug|Any CPU.ActiveCfg = Debug|Any CPU
		{7AEBAFF4-18AE-445B-89A7-8FAC71A76677}.Debug|Any CPU.Build.0 = Debug|Any CPU
		{7AEBAFF4-18AE-445B-89A7-8FAC71A76677}.Debug|Any CPU.Deploy.0 = Debug|Any CPU
		{7AEBAFF4-18AE-445B-89A7-8FAC71A76677}.Release|Any CPU.ActiveCfg = Release|Any CPU
		{7AEBAFF4-18AE-445B-89A7-8FAC71A76677}.Release|Any CPU.Build.0 = Release|Any CPU
		{7AEBAFF4-18AE-445B-89A7-8FAC71A76677}.Release|Any CPU.Deploy.0 = Release|Any CPU
		{995E06D8-3056-44B4-B149-CCC7DEDF0AF0}.Debug|Any CPU.ActiveCfg = Debug|Any CPU
		{995E06D8-3056-44B4-B149-CCC7DEDF0AF0}.Debug|Any CPU.Build.0 = Debug|Any CPU
		{995E06D8-3056-44B4-B149-CCC7DEDF0AF0}.Release|Any CPU.ActiveCfg = Release|Any CPU
		{995E06D8-3056-44B4-B149-CCC7DEDF0AF0}.Release|Any CPU.Build.0 = Release|Any CPU
	EndGlobalSection
	GlobalSection(SolutionProperties) = preSolution
		HideSolutionNode = FALSE
	EndGlobalSection
	GlobalSection(ExtensibilityGlobals) = postSolution
		SolutionGuid = {B7C38BBF-E4EC-4EFE-AC2E-2F46FB2A81A8}
	EndGlobalSection
EndGlobal
